// !$*UTF8*$!
{
	archiveVersion = 1;
	classes = {
	};
	objectVersion = 46;
	objects = {

/* Begin PBXBuildFile section */
		A4E63355167568D500F37549 /* VungleAds.mm in Sources */ = {isa = PBXBuildFile; fileRef = A4E63354167568D500F37549 /* VungleAds.mm */; };
		A92EA0851937B437008C2C1F /* libvunglesdk.a in Frameworks */ = {isa = PBXBuildFile; fileRef = A92EA07D1937B437008C2C1F /* libvunglesdk.a */; };
		A97CE74A17A083B800426A8F /* VungleBytesAssetLoader.m in Sources */ = {isa = PBXBuildFile; fileRef = A97CE74917A0835500426A8F /* VungleBytesAssetLoader.m */; };
/* End PBXBuildFile section */

/* Begin PBXCopyFilesBuildPhase section */
		A4E253B4166D6FB300DCDC2C /* CopyFiles */ = {
			isa = PBXCopyFilesBuildPhase;
			buildActionMask = 2147483647;
			dstPath = "include/${PRODUCT_NAME}";
			dstSubfolderSpec = 16;
			files = (
			);
			runOnlyForDeploymentPostprocessing = 0;
		};
/* End PBXCopyFilesBuildPhase section */

/* Begin PBXFileReference section */
		84950E0C1B4BE15A004F8E1E /* vg_privacy.png.h */ = {isa = PBXFileReference; lastKnownFileType = sourcecode.c.h; path = vg_privacy.png.h; sourceTree = "<group>"; };
		A4E253B6166D6FB300DCDC2C /* libads-vungle.a */ = {isa = PBXFileReference; explicitFileType = archive.ar; includeInIndex = 0; path = "libads-vungle.a"; sourceTree = BUILT_PRODUCTS_DIR; };
		A4E63353167568D500F37549 /* VungleAds.h */ = {isa = PBXFileReference; fileEncoding = 4; lastKnownFileType = sourcecode.c.h; name = VungleAds.h; path = Plugin/VungleAds.h; sourceTree = "<group>"; };
		A4E63354167568D500F37549 /* VungleAds.mm */ = {isa = PBXFileReference; fileEncoding = 4; lastKnownFileType = sourcecode.cpp.objcpp; name = VungleAds.mm; path = Plugin/VungleAds.mm; sourceTree = "<group>"; };
		A92EA07C1937B437008C2C1F /* VungleSDK.h */ = {isa = PBXFileReference; fileEncoding = 4; lastKnownFileType = sourcecode.c.h; path = VungleSDK.h; sourceTree = "<group>"; };
		A92EA07D1937B437008C2C1F /* libvunglesdk.a */ = {isa = PBXFileReference; lastKnownFileType = archive.ar; path = libvunglesdk.a; sourceTree = "<group>"; };
		A97CE74817A0835500426A8F /* VungleBytesAssetLoader.h */ = {isa = PBXFileReference; lastKnownFileType = sourcecode.c.h; path = VungleBytesAssetLoader.h; sourceTree = "<group>"; };
		A97CE74917A0835500426A8F /* VungleBytesAssetLoader.m */ = {isa = PBXFileReference; lastKnownFileType = sourcecode.c.objc; path = VungleBytesAssetLoader.m; sourceTree = "<group>"; };
		B519EFB918EB5BF300F0E3A1 /* vg_close.png.h */ = {isa = PBXFileReference; lastKnownFileType = sourcecode.c.h; path = vg_close.png.h; sourceTree = "<group>"; };
		B519EFBA18EB5BF300F0E3A1 /* vg_cta.png.h */ = {isa = PBXFileReference; lastKnownFileType = sourcecode.c.h; path = vg_cta.png.h; sourceTree = "<group>"; };
		B519EFBB18EB5BF300F0E3A1 /* vg_mute_off.png.h */ = {isa = PBXFileReference; lastKnownFileType = sourcecode.c.h; path = vg_mute_off.png.h; sourceTree = "<group>"; };
		B519EFBC18EB5BF300F0E3A1 /* vg_mute_on.png.h */ = {isa = PBXFileReference; lastKnownFileType = sourcecode.c.h; path = vg_mute_on.png.h; sourceTree = "<group>"; };
		B519EFBD18EB5BF300F0E3A1 /* vg_timer.png.h */ = {isa = PBXFileReference; lastKnownFileType = sourcecode.c.h; path = vg_timer.png.h; sourceTree = "<group>"; };
		B52BED331A267F3E007ABC12 /* __vungle.db.h */ = {isa = PBXFileReference; lastKnownFileType = sourcecode.c.h; path = __vungle.db.h; sourceTree = "<group>"; };
/* End PBXFileReference section */

/* Begin PBXFrameworksBuildPhase section */
		A4E253B3166D6FB300DCDC2C /* Frameworks */ = {
			isa = PBXFrameworksBuildPhase;
			buildActionMask = 2147483647;
			files = (
				A92EA0851937B437008C2C1F /* libvunglesdk.a in Frameworks */,
			);
			runOnlyForDeploymentPostprocessing = 0;
		};
/* End PBXFrameworksBuildPhase section */

/* Begin PBXGroup section */
		A447B609165D72A6009EA762 /* PluginLibrary */ = {
			isa = PBXGroup;
			children = (
				A4E63353167568D500F37549 /* VungleAds.h */,
				A4E63354167568D500F37549 /* VungleAds.mm */,
			);
			name = PluginLibrary;
			sourceTree = "<group>";
		};
		A484110E15114F700074BD57 = {
			isa = PBXGroup;
			children = (
				A92EA07A1937B437008C2C1F /* VungleSDK */,
				A97CE74417A0835500426A8F /* VGBytesAssetLoader */,
				A447B609165D72A6009EA762 /* PluginLibrary */,
				A484111A15114F700074BD57 /* Products */,
			);
			sourceTree = "<group>";
		};
		A484111A15114F700074BD57 /* Products */ = {
			isa = PBXGroup;
			children = (
				A4E253B6166D6FB300DCDC2C /* libads-vungle.a */,
			);
			name = Products;
			sourceTree = "<group>";
		};
		A92EA07A1937B437008C2C1F /* VungleSDK */ = {
			isa = PBXGroup;
			children = (
				A92EA07D1937B437008C2C1F /* libvunglesdk.a */,
				A92EA07B1937B437008C2C1F /* include */,
			);
			path = VungleSDK;
			sourceTree = "<group>";
		};
		A92EA07B1937B437008C2C1F /* include */ = {
			isa = PBXGroup;
			children = (
				A92EA07C1937B437008C2C1F /* VungleSDK.h */,
			);
			path = include;
			sourceTree = "<group>";
		};
		A97CE74417A0835500426A8F /* VGBytesAssetLoader */ = {
			isa = PBXGroup;
			children = (
				B52BED331A267F3E007ABC12 /* __vungle.db.h */,
				B519EFB918EB5BF300F0E3A1 /* vg_close.png.h */,
				84950E0C1B4BE15A004F8E1E /* vg_privacy.png.h */,
				B519EFBA18EB5BF300F0E3A1 /* vg_cta.png.h */,
				B519EFBB18EB5BF300F0E3A1 /* vg_mute_off.png.h */,
				B519EFBC18EB5BF300F0E3A1 /* vg_mute_on.png.h */,
				B519EFBD18EB5BF300F0E3A1 /* vg_timer.png.h */,
				A97CE74817A0835500426A8F /* VungleBytesAssetLoader.h */,
				A97CE74917A0835500426A8F /* VungleBytesAssetLoader.m */,
			);
			path = VGBytesAssetLoader;
			sourceTree = "<group>";
		};
/* End PBXGroup section */

/* Begin PBXNativeTarget section */
		A4E253B5166D6FB300DCDC2C /* ads-vungle */ = {
			isa = PBXNativeTarget;
			buildConfigurationList = A4E253BF166D6FB300DCDC2C /* Build configuration list for PBXNativeTarget "ads-vungle" */;
			buildPhases = (
				A4E253B2166D6FB300DCDC2C /* Sources */,
				A4E253B3166D6FB300DCDC2C /* Frameworks */,
				A4E253B4166D6FB300DCDC2C /* CopyFiles */,
			);
			buildRules = (
			);
			dependencies = (
			);
			name = "ads-vungle";
			productName = plugin_library;
			productReference = A4E253B6166D6FB300DCDC2C /* libads-vungle.a */;
			productType = "com.apple.product-type.library.static";
		};
/* End PBXNativeTarget section */

/* Begin PBXProject section */
		A484111015114F700074BD57 /* Project object */ = {
			isa = PBXProject;
			attributes = {
				LastUpgradeCheck = 0420;
			};
			buildConfigurationList = A484111315114F700074BD57 /* Build configuration list for PBXProject "Plugin" */;
			compatibilityVersion = "Xcode 3.2";
			developmentRegion = English;
			hasScannedForEncodings = 0;
			knownRegions = (
				en,
			);
			mainGroup = A484110E15114F700074BD57;
			productRefGroup = A484111A15114F700074BD57 /* Products */;
			projectDirPath = "";
			projectRoot = "";
			targets = (
				A4E253B5166D6FB300DCDC2C /* ads-vungle */,
			);
		};
/* End PBXProject section */

/* Begin PBXSourcesBuildPhase section */
		A4E253B2166D6FB300DCDC2C /* Sources */ = {
			isa = PBXSourcesBuildPhase;
			buildActionMask = 2147483647;
			files = (
				A4E63355167568D500F37549 /* VungleAds.mm in Sources */,
				A97CE74A17A083B800426A8F /* VungleBytesAssetLoader.m in Sources */,
			);
			runOnlyForDeploymentPostprocessing = 0;
		};
/* End PBXSourcesBuildPhase section */

/* Begin XCBuildConfiguration section */
		A484114015114F700074BD57 /* Debug */ = {
			isa = XCBuildConfiguration;
			buildSettings = {
				ALWAYS_SEARCH_USER_PATHS = NO;
				"ARCHS[sdk=iphoneos*]" = arm64;
				"CODE_SIGN_IDENTITY[sdk=iphoneos*]" = "iPhone Developer";
				COPY_PHASE_STRIP = NO;
				GCC_C_LANGUAGE_STANDARD = gnu99;
				GCC_DYNAMIC_NO_PIC = NO;
				GCC_OPTIMIZATION_LEVEL = 0;
				GCC_PREPROCESSOR_DEFINITIONS = (
					"DEBUG=1",
					"$(inherited)",
				);
				GCC_SYMBOLS_PRIVATE_EXTERN = NO;
				GCC_VERSION = com.apple.compilers.llvm.clang.1_0;
				GCC_WARN_ABOUT_MISSING_PROTOTYPES = YES;
				GCC_WARN_ABOUT_RETURN_TYPE = YES;
				GCC_WARN_UNUSED_VARIABLE = YES;
				IPHONEOS_DEPLOYMENT_TARGET = 8.0;
				SDKROOT = iphoneos;
				TARGETED_DEVICE_FAMILY = "1,2";
				USER_HEADER_SEARCH_PATHS = "${SRCROOT}/CoronaEnterprise/Corona/shared/include/Corona ${SRCROOT}/CoronaEnterprise/Corona/shared/include/lua ${SRCROOT}/CoronaEnterprise/Corona/ios/include/Corona";
			};
			name = Debug;
		};
		A484114115114F700074BD57 /* Release */ = {
			isa = XCBuildConfiguration;
			buildSettings = {
				ALWAYS_SEARCH_USER_PATHS = NO;
				"ARCHS[sdk=iphoneos*]" = (
					arm64,
					armv7,
					armv7s,
				);
				"CODE_SIGN_IDENTITY[sdk=iphoneos*]" = "iPhone Developer";
				COPY_PHASE_STRIP = YES;
				GCC_C_LANGUAGE_STANDARD = gnu99;
				GCC_VERSION = com.apple.compilers.llvm.clang.1_0;
				GCC_WARN_ABOUT_MISSING_PROTOTYPES = YES;
				GCC_WARN_ABOUT_RETURN_TYPE = YES;
				GCC_WARN_UNUSED_VARIABLE = YES;
				IPHONEOS_DEPLOYMENT_TARGET = 8.0;
				OTHER_CFLAGS = "-DNS_BLOCK_ASSERTIONS=1";
				SDKROOT = iphoneos;
				TARGETED_DEVICE_FAMILY = "1,2";
				USER_HEADER_SEARCH_PATHS = "${SRCROOT}/CoronaEnterprise/Corona/shared/include/Corona ${SRCROOT}/CoronaEnterprise/Corona/shared/include/lua ${SRCROOT}/CoronaEnterprise/Corona/ios/include/Corona";
				VALIDATE_PRODUCT = YES;
			};
			name = Release;
		};
		A4E253C0166D6FB300DCDC2C /* Debug */ = {
			isa = XCBuildConfiguration;
			buildSettings = {
				ARCHS = arm64;
				"ARCHS[sdk=iphoneos*]" = arm64;
				CLANG_WARN_EMPTY_BODY = YES;
				CLANG_WARN__DUPLICATE_METHOD_MATCH = YES;
				DSTROOT = "/tmp/ads-myprovider.dst";
				GCC_PRECOMPILE_PREFIX_HEADER = NO;
				GCC_WARN_UNINITIALIZED_AUTOS = YES;
				LIBRARY_SEARCH_PATHS = (
					"$(inherited)",
					"$(PROJECT_DIR)/VungleSDK",
					"$(USER_LIBRARY_DIR)/Developer/Xcode/DerivedData/AdsTestApp-dhlfnbrohalvaveworztusvgoayc/Build/Products/Debug-iphonesimulator",
					"$(USER_LIBRARY_DIR)/Developer/Xcode/DerivedData/AdsTestApp-dhlfnbrohalvaveworztusvgoayc/Build/Products/Debug-iphoneos",
					"$(PROJECT_DIR)/build/Release-iphonesimulator",
				);
				OTHER_LDFLAGS = "-ObjC";
				PRODUCT_NAME = "$(TARGET_NAME)";
				SKIP_INSTALL = YES;
			};
			name = Debug;
		};
		A4E253C1166D6FB300DCDC2C /* Release */ = {
			isa = XCBuildConfiguration;
			buildSettings = {
				ARCHS = (
					arm64,
					armv7,
					armv7s,
					i386,
					x86_64,
				);
				"ARCHS[sdk=iphoneos*]" = (
					arm64,
					armv7,
					armv7s,
				);
				CLANG_WARN_EMPTY_BODY = YES;
				CLANG_WARN__DUPLICATE_METHOD_MATCH = YES;
				DSTROOT = "/tmp/ads-myprovider.dst";
				GCC_PRECOMPILE_PREFIX_HEADER = NO;
				GCC_WARN_UNINITIALIZED_AUTOS = YES;
				LIBRARY_SEARCH_PATHS = (
					"$(inherited)",
					"$(PROJECT_DIR)/VungleSDK",
					"$(USER_LIBRARY_DIR)/Developer/Xcode/DerivedData/AdsTestApp-dhlfnbrohalvaveworztusvgoayc/Build/Products/Debug-iphonesimulator",
					"$(USER_LIBRARY_DIR)/Developer/Xcode/DerivedData/AdsTestApp-dhlfnbrohalvaveworztusvgoayc/Build/Products/Debug-iphoneos",
					"$(PROJECT_DIR)/build/Release-iphonesimulator",
				);
				OTHER_LDFLAGS = "-ObjC";
				PRODUCT_NAME = "$(TARGET_NAME)";
				SKIP_INSTALL = YES;
			};
			name = Release;
		};
/* End XCBuildConfiguration section */

/* Begin XCConfigurationList section */
		A484111315114F700074BD57 /* Build configuration list for PBXProject "Plugin" */ = {
			isa = XCConfigurationList;
			buildConfigurations = (
				A484114015114F700074BD57 /* Debug */,
				A484114115114F700074BD57 /* Release */,
			);
			defaultConfigurationIsVisible = 0;
			defaultConfigurationName = Release;
		};
		A4E253BF166D6FB300DCDC2C /* Build configuration list for PBXNativeTarget "ads-vungle" */ = {
			isa = XCConfigurationList;
			buildConfigurations = (
				A4E253C0166D6FB300DCDC2C /* Debug */,
				A4E253C1166D6FB300DCDC2C /* Release */,
			);
			defaultConfigurationIsVisible = 0;
			defaultConfigurationName = Release;
		};
/* End XCConfigurationList section */
	};
	rootObject = A484111015114F700074BD57 /* Project object */;
}
